
Microsoft Visual Studio Solution File, Format Version 12.00
# Visual Studio Version 17
VisualStudioVersion = 17.14.36401.2 d17.14
MinimumVisualStudioVersion = 10.0.40219.1
Project("{FAE04EC0-301F-11D3-BF4B-00C04F79EFBC}") = "Miniproject", "Miniproject\Miniproject.csproj", "{8B916D09-8B9D-4340-86BD-50AEF17DB654}"
EndProject
Global
	GlobalSection(SolutionConfigurationPlatforms) = preSolution
		Debug|Any CPU = Debug|Any CPU
		Release|Any CPU = Release|Any CPU
	EndGlobalSection
	GlobalSection(ProjectConfigurationPlatforms) = postSolution
		{8B916D09-8B9D-4340-86BD-50AEF17DB654}.Debug|Any CPU.ActiveCfg = Debug|Any CPU
		{8B916D09-8B9D-4340-86BD-50AEF17DB654}.Debug|Any CPU.Build.0 = Debug|Any CPU
		{8B916D09-8B9D-4340-86BD-50AEF17DB654}.Release|Any CPU.ActiveCfg = Release|Any CPU
		{8B916D09-8B9D-4340-86BD-50AEF17DB654}.Release|Any CPU.Build.0 = Release|Any CPU
	EndGlobalSection
	GlobalSection(SolutionProperties) = preSolution
		HideSolutionNode = FALSE
	EndGlobalSection
	GlobalSection(ExtensibilityGlobals) = postSolution
		SolutionGuid = {98F13E23-5176-423C-957C-10EA32C88F4E}
	EndGlobalSection
EndGlobal
