
Microsoft Visual Studio Solution File, Format Version 12.00
# Visual Studio Version 17
VisualStudioVersion = 17.14.36401.2 d17.14
MinimumVisualStudioVersion = 10.0.40219.1
Project("{FAE04EC0-301F-11D3-BF4B-00C04F79EFBC}") = "WeekendTask", "WeekendTask\WeekendTask.csproj", "{777170FD-F00A-4F7F-9592-E0BF3249D31C}"
EndProject
Global
	GlobalSection(SolutionConfigurationPlatforms) = preSolution
		Debug|Any CPU = Debug|Any CPU
		Release|Any CPU = Release|Any CPU
	EndGlobalSection
	GlobalSection(ProjectConfigurationPlatforms) = postSolution
		{777170FD-F00A-4F7F-9592-E0BF3249D31C}.Debug|Any CPU.ActiveCfg = Debug|Any CPU
		{777170FD-F00A-4F7F-9592-E0BF3249D31C}.Debug|Any CPU.Build.0 = Debug|Any CPU
		{777170FD-F00A-4F7F-9592-E0BF3249D31C}.Release|Any CPU.ActiveCfg = Release|Any CPU
		{777170FD-F00A-4F7F-9592-E0BF3249D31C}.Release|Any CPU.Build.0 = Release|Any CPU
	EndGlobalSection
	GlobalSection(SolutionProperties) = preSolution
		HideSolutionNode = FALSE
	EndGlobalSection
	GlobalSection(ExtensibilityGlobals) = postSolution
		SolutionGuid = {A02BFF14-AB86-4152-80AA-E34DEC4ADDA5}
	EndGlobalSection
EndGlobal
